// !$*UTF8*$!
{
	archiveVersion = 1;
	classes = {
	};
	objectVersion = 46;
	objects = {

/* Begin PBXBuildFile section */
		5C5F30C51AF15E47005C2854 /* libAtomics.a in Frameworks */ = {isa = PBXBuildFile; fileRef = 5C5F30B91AF15E47005C2854 /* libAtomics.a */; };
		5C5F30D61AF15EC0005C2854 /* HOPAtomicBooleanTest.m in Sources */ = {isa = PBXBuildFile; fileRef = 5C5F30D31AF15EC0005C2854 /* HOPAtomicBooleanTest.m */; };
		5C5F30D71AF15EC0005C2854 /* HOPAtomicIntegerTest.m in Sources */ = {isa = PBXBuildFile; fileRef = 5C5F30D41AF15EC0005C2854 /* HOPAtomicIntegerTest.m */; };
		5C5F30D81AF15EC0005C2854 /* HOPAtomicReferenceTest.m in Sources */ = {isa = PBXBuildFile; fileRef = 5C5F30D51AF15EC0005C2854 /* HOPAtomicReferenceTest.m */; };
		5C5F30DF1AF15ED1005C2854 /* HOPAtomicBoolean.m in Sources */ = {isa = PBXBuildFile; fileRef = 5C5F30DA1AF15ED1005C2854 /* HOPAtomicBoolean.m */; };
		5C5F30E01AF15ED1005C2854 /* HOPAtomicInteger.m in Sources */ = {isa = PBXBuildFile; fileRef = 5C5F30DC1AF15ED1005C2854 /* HOPAtomicInteger.m */; };
		5C5F30E11AF15ED1005C2854 /* HOPAtomicReference.m in Sources */ = {isa = PBXBuildFile; fileRef = 5C5F30DE1AF15ED1005C2854 /* HOPAtomicReference.m */; };
/* End PBXBuildFile section */

/* Begin PBXContainerItemProxy section */
		5C5F30C61AF15E47005C2854 /* PBXContainerItemProxy */ = {
			isa = PBXContainerItemProxy;
			containerPortal = 5C5F30B11AF15E47005C2854 /* Project object */;
			proxyType = 1;
			remoteGlobalIDString = 5C5F30B81AF15E47005C2854;
			remoteInfo = Atomics;
		};
/* End PBXContainerItemProxy section */

/* Begin PBXCopyFilesBuildPhase section */
		5C5F30B71AF15E47005C2854 /* CopyFiles */ = {
			isa = PBXCopyFilesBuildPhase;
			buildActionMask = 2147483647;
			dstPath = "include/$(PRODUCT_NAME)";
			dstSubfolderSpec = 16;
			files = (
			);
			runOnlyForDeploymentPostprocessing = 0;
		};
/* End PBXCopyFilesBuildPhase section */

/* Begin PBXFileReference section */
		5C5F30B91AF15E47005C2854 /* libAtomics.a */ = {isa = PBXFileReference; explicitFileType = archive.ar; includeInIndex = 0; path = libAtomics.a; sourceTree = BUILT_PRODUCTS_DIR; };
		5C5F30C41AF15E47005C2854 /* AtomicsTests.xctest */ = {isa = PBXFileReference; explicitFileType = wrapper.cfbundle; includeInIndex = 0; path = AtomicsTests.xctest; sourceTree = BUILT_PRODUCTS_DIR; };
		5C5F30CA1AF15E47005C2854 /* Info.plist */ = {isa = PBXFileReference; lastKnownFileType = text.plist.xml; path = Info.plist; sourceTree = "<group>"; };
		5C5F30D31AF15EC0005C2854 /* HOPAtomicBooleanTest.m */ = {isa = PBXFileReference; fileEncoding = 4; lastKnownFileType = sourcecode.c.objc; path = HOPAtomicBooleanTest.m; sourceTree = "<group>"; };
		5C5F30D41AF15EC0005C2854 /* HOPAtomicIntegerTest.m */ = {isa = PBXFileReference; fileEncoding = 4; lastKnownFileType = sourcecode.c.objc; path = HOPAtomicIntegerTest.m; sourceTree = "<group>"; };
		5C5F30D51AF15EC0005C2854 /* HOPAtomicReferenceTest.m */ = {isa = PBXFileReference; fileEncoding = 4; lastKnownFileType = sourcecode.c.objc; path = HOPAtomicReferenceTest.m; sourceTree = "<group>"; };
		5C5F30D91AF15ED1005C2854 /* HOPAtomicBoolean.h */ = {isa = PBXFileReference; fileEncoding = 4; lastKnownFileType = sourcecode.c.h; name = HOPAtomicBoolean.h; path = Classes/HOPAtomicBoolean.h; sourceTree = SOURCE_ROOT; };
		5C5F30DA1AF15ED1005C2854 /* HOPAtomicBoolean.m */ = {isa = PBXFileReference; fileEncoding = 4; lastKnownFileType = sourcecode.c.objc; name = HOPAtomicBoolean.m; path = Classes/HOPAtomicBoolean.m; sourceTree = SOURCE_ROOT; };
		5C5F30DB1AF15ED1005C2854 /* HOPAtomicInteger.h */ = {isa = PBXFileReference; fileEncoding = 4; lastKnownFileType = sourcecode.c.h; name = HOPAtomicInteger.h; path = Classes/HOPAtomicInteger.h; sourceTree = SOURCE_ROOT; };
		5C5F30DC1AF15ED1005C2854 /* HOPAtomicInteger.m */ = {isa = PBXFileReference; fileEncoding = 4; lastKnownFileType = sourcecode.c.objc; name = HOPAtomicInteger.m; path = Classes/HOPAtomicInteger.m; sourceTree = SOURCE_ROOT; };
		5C5F30DD1AF15ED1005C2854 /* HOPAtomicReference.h */ = {isa = PBXFileReference; fileEncoding = 4; lastKnownFileType = sourcecode.c.h; name = HOPAtomicReference.h; path = Classes/HOPAtomicReference.h; sourceTree = SOURCE_ROOT; };
		5C5F30DE1AF15ED1005C2854 /* HOPAtomicReference.m */ = {isa = PBXFileReference; fileEncoding = 4; lastKnownFileType = sourcecode.c.objc; name = HOPAtomicReference.m; path = Classes/HOPAtomicReference.m; sourceTree = SOURCE_ROOT; };
/* End PBXFileReference section */

/* Begin PBXFrameworksBuildPhase section */
		5C5F30B61AF15E47005C2854 /* Frameworks */ = {
			isa = PBXFrameworksBuildPhase;
			buildActionMask = 2147483647;
			files = (
			);
			runOnlyForDeploymentPostprocessing = 0;
		};
		5C5F30C11AF15E47005C2854 /* Frameworks */ = {
			isa = PBXFrameworksBuildPhase;
			buildActionMask = 2147483647;
			files = (
				5C5F30C51AF15E47005C2854 /* libAtomics.a in Frameworks */,
			);
			runOnlyForDeploymentPostprocessing = 0;
		};
/* End PBXFrameworksBuildPhase section */

/* Begin PBXGroup section */
		5C5F30B01AF15E47005C2854 = {
			isa = PBXGroup;
			children = (
				5C5F30BB1AF15E47005C2854 /* Atomics */,
				5C5F30C81AF15E47005C2854 /* AtomicsTests */,
				5C5F30BA1AF15E47005C2854 /* Products */,
			);
			sourceTree = "<group>";
		};
		5C5F30BA1AF15E47005C2854 /* Products */ = {
			isa = PBXGroup;
			children = (
				5C5F30B91AF15E47005C2854 /* libAtomics.a */,
				5C5F30C41AF15E47005C2854 /* AtomicsTests.xctest */,
			);
			name = Products;
			sourceTree = "<group>";
		};
		5C5F30BB1AF15E47005C2854 /* Atomics */ = {
			isa = PBXGroup;
			children = (
				5C5F30D91AF15ED1005C2854 /* HOPAtomicBoolean.h */,
				5C5F30DA1AF15ED1005C2854 /* HOPAtomicBoolean.m */,
				5C5F30DB1AF15ED1005C2854 /* HOPAtomicInteger.h */,
				5C5F30DC1AF15ED1005C2854 /* HOPAtomicInteger.m */,
				5C5F30DD1AF15ED1005C2854 /* HOPAtomicReference.h */,
				5C5F30DE1AF15ED1005C2854 /* HOPAtomicReference.m */,
			);
			path = Atomics;
			sourceTree = "<group>";
		};
		5C5F30C81AF15E47005C2854 /* AtomicsTests */ = {
			isa = PBXGroup;
			children = (
				5C5F30D31AF15EC0005C2854 /* HOPAtomicBooleanTest.m */,
				5C5F30D41AF15EC0005C2854 /* HOPAtomicIntegerTest.m */,
				5C5F30D51AF15EC0005C2854 /* HOPAtomicReferenceTest.m */,
				5C5F30C91AF15E47005C2854 /* Supporting Files */,
			);
			path = AtomicsTests;
			sourceTree = "<group>";
		};
		5C5F30C91AF15E47005C2854 /* Supporting Files */ = {
			isa = PBXGroup;
			children = (
				5C5F30CA1AF15E47005C2854 /* Info.plist */,
			);
			name = "Supporting Files";
			sourceTree = "<group>";
		};
/* End PBXGroup section */

/* Begin PBXNativeTarget section */
		5C5F30B81AF15E47005C2854 /* Atomics */ = {
			isa = PBXNativeTarget;
			buildConfigurationList = 5C5F30CD1AF15E47005C2854 /* Build configuration list for PBXNativeTarget "Atomics" */;
			buildPhases = (
				5C5F30B51AF15E47005C2854 /* Sources */,
				5C5F30B61AF15E47005C2854 /* Frameworks */,
				5C5F30B71AF15E47005C2854 /* CopyFiles */,
			);
			buildRules = (
			);
			dependencies = (
			);
			name = Atomics;
			productName = Atomics;
			productReference = 5C5F30B91AF15E47005C2854 /* libAtomics.a */;
			productType = "com.apple.product-type.library.static";
		};
		5C5F30C31AF15E47005C2854 /* AtomicsTests */ = {
			isa = PBXNativeTarget;
			buildConfigurationList = 5C5F30D01AF15E47005C2854 /* Build configuration list for PBXNativeTarget "AtomicsTests" */;
			buildPhases = (
				5C5F30C01AF15E47005C2854 /* Sources */,
				5C5F30C11AF15E47005C2854 /* Frameworks */,
				5C5F30C21AF15E47005C2854 /* Resources */,
			);
			buildRules = (
			);
			dependencies = (
				5C5F30C71AF15E47005C2854 /* PBXTargetDependency */,
			);
			name = AtomicsTests;
			productName = AtomicsTests;
			productReference = 5C5F30C41AF15E47005C2854 /* AtomicsTests.xctest */;
			productType = "com.apple.product-type.bundle.unit-test";
		};
/* End PBXNativeTarget section */

/* Begin PBXProject section */
		5C5F30B11AF15E47005C2854 /* Project object */ = {
			isa = PBXProject;
			attributes = {
				LastUpgradeCheck = 0630;
				ORGANIZATIONNAME = Timehop;
				TargetAttributes = {
					5C5F30B81AF15E47005C2854 = {
						CreatedOnToolsVersion = 6.3.1;
					};
					5C5F30C31AF15E47005C2854 = {
						CreatedOnToolsVersion = 6.3.1;
					};
				};
			};
			buildConfigurationList = 5C5F30B41AF15E47005C2854 /* Build configuration list for PBXProject "Atomics" */;
			compatibilityVersion = "Xcode 3.2";
			developmentRegion = English;
			hasScannedForEncodings = 0;
			knownRegions = (
				en,
			);
			mainGroup = 5C5F30B01AF15E47005C2854;
			productRefGroup = 5C5F30BA1AF15E47005C2854 /* Products */;
			projectDirPath = "";
			projectRoot = "";
			targets = (
				5C5F30B81AF15E47005C2854 /* Atomics */,
				5C5F30C31AF15E47005C2854 /* AtomicsTests */,
			);
		};
/* End PBXProject section */

/* Begin PBXResourcesBuildPhase section */
		5C5F30C21AF15E47005C2854 /* Resources */ = {
			isa = PBXResourcesBuildPhase;
			buildActionMask = 2147483647;
			files = (
			);
			runOnlyForDeploymentPostprocessing = 0;
		};
/* End PBXResourcesBuildPhase section */

/* Begin PBXSourcesBuildPhase section */
		5C5F30B51AF15E47005C2854 /* Sources */ = {
			isa = PBXSourcesBuildPhase;
			buildActionMask = 2147483647;
			files = (
				5C5F30DF1AF15ED1005C2854 /* HOPAtomicBoolean.m in Sources */,
				5C5F30E11AF15ED1005C2854 /* HOPAtomicReference.m in Sources */,
				5C5F30E01AF15ED1005C2854 /* HOPAtomicInteger.m in Sources */,
			);
			runOnlyForDeploymentPostprocessing = 0;
		};
		5C5F30C01AF15E47005C2854 /* Sources */ = {
			isa = PBXSourcesBuildPhase;
			buildActionMask = 2147483647;
			files = (
				5C5F30D61AF15EC0005C2854 /* HOPAtomicBooleanTest.m in Sources */,
				5C5F30D81AF15EC0005C2854 /* HOPAtomicReferenceTest.m in Sources */,
				5C5F30D71AF15EC0005C2854 /* HOPAtomicIntegerTest.m in Sources */,
			);
			runOnlyForDeploymentPostprocessing = 0;
		};
/* End PBXSourcesBuildPhase section */

/* Begin PBXTargetDependency section */
		5C5F30C71AF15E47005C2854 /* PBXTargetDependency */ = {
			isa = PBXTargetDependency;
			target = 5C5F30B81AF15E47005C2854 /* Atomics */;
			targetProxy = 5C5F30C61AF15E47005C2854 /* PBXContainerItemProxy */;
		};
/* End PBXTargetDependency section */

/* Begin XCBuildConfiguration section */
		5C5F30CB1AF15E47005C2854 /* Debug */ = {
			isa = XCBuildConfiguration;
			buildSettings = {
				ALWAYS_SEARCH_USER_PATHS = NO;
				CLANG_CXX_LANGUAGE_STANDARD = "gnu++0x";
				CLANG_CXX_LIBRARY = "libc++";
				CLANG_ENABLE_MODULES = YES;
				CLANG_ENABLE_OBJC_ARC = YES;
				CLANG_WARN_BOOL_CONVERSION = YES;
				CLANG_WARN_CONSTANT_CONVERSION = YES;
				CLANG_WARN_DIRECT_OBJC_ISA_USAGE = YES_ERROR;
				CLANG_WARN_EMPTY_BODY = YES;
				CLANG_WARN_ENUM_CONVERSION = YES;
				CLANG_WARN_INT_CONVERSION = YES;
				CLANG_WARN_OBJC_ROOT_CLASS = YES_ERROR;
				CLANG_WARN_UNREACHABLE_CODE = YES;
				CLANG_WARN__DUPLICATE_METHOD_MATCH = YES;
				COPY_PHASE_STRIP = NO;
				DEBUG_INFORMATION_FORMAT = "dwarf-with-dsym";
				ENABLE_STRICT_OBJC_MSGSEND = YES;
				GCC_C_LANGUAGE_STANDARD = gnu99;
				GCC_DYNAMIC_NO_PIC = NO;
				GCC_NO_COMMON_BLOCKS = YES;
				GCC_OPTIMIZATION_LEVEL = 0;
				GCC_PREPROCESSOR_DEFINITIONS = (
					"DEBUG=1",
					"$(inherited)",
				);
				GCC_SYMBOLS_PRIVATE_EXTERN = NO;
				GCC_WARN_64_TO_32_BIT_CONVERSION = YES;
				GCC_WARN_ABOUT_RETURN_TYPE = YES_ERROR;
				GCC_WARN_UNDECLARED_SELECTOR = YES;
				GCC_WARN_UNINITIALIZED_AUTOS = YES_AGGRESSIVE;
				GCC_WARN_UNUSED_FUNCTION = YES;
				GCC_WARN_UNUSED_VARIABLE = YES;
				IPHONEOS_DEPLOYMENT_TARGET = 8.3;
				MTL_ENABLE_DEBUG_INFO = YES;
				ONLY_ACTIVE_ARCH = YES;
				SDKROOT = iphoneos;
			};
			name = Debug;
		};
		5C5F30CC1AF15E47005C2854 /* Release */ = {
			isa = XCBuildConfiguration;
			buildSettings = {
				ALWAYS_SEARCH_USER_PATHS = NO;
				CLANG_CXX_LANGUAGE_STANDARD = "gnu++0x";
				CLANG_CXX_LIBRARY = "libc++";
				CLANG_ENABLE_MODULES = YES;
				CLANG_ENABLE_OBJC_ARC = YES;
				CLANG_WARN_BOOL_CONVERSION = YES;
				CLANG_WARN_CONSTANT_CONVERSION = YES;
				CLANG_WARN_DIRECT_OBJC_ISA_USAGE = YES_ERROR;
				CLANG_WARN_EMPTY_BODY = YES;
				CLANG_WARN_ENUM_CONVERSION = YES;
				CLANG_WARN_INT_CONVERSION = YES;
				CLANG_WARN_OBJC_ROOT_CLASS = YES_ERROR;
				CLANG_WARN_UNREACHABLE_CODE = YES;
				CLANG_WARN__DUPLICATE_METHOD_MATCH = YES;
				COPY_PHASE_STRIP = NO;
				DEBUG_INFORMATION_FORMAT = "dwarf-with-dsym";
				ENABLE_NS_ASSERTIONS = NO;
				ENABLE_STRICT_OBJC_MSGSEND = YES;
				GCC_C_LANGUAGE_STANDARD = gnu99;
				GCC_NO_COMMON_BLOCKS = YES;
				GCC_WARN_64_TO_32_BIT_CONVERSION = YES;
				GCC_WARN_ABOUT_RETURN_TYPE = YES_ERROR;
				GCC_WARN_UNDECLARED_SELECTOR = YES;
				GCC_WARN_UNINITIALIZED_AUTOS = YES_AGGRESSIVE;
				GCC_WARN_UNUSED_FUNCTION = YES;
				GCC_WARN_UNUSED_VARIABLE = YES;
				IPHONEOS_DEPLOYMENT_TARGET = 8.3;
				MTL_ENABLE_DEBUG_INFO = NO;
				SDKROOT = iphoneos;
				VALIDATE_PRODUCT = YES;
			};
			name = Release;
		};
		5C5F30CE1AF15E47005C2854 /* Debug */ = {
			isa = XCBuildConfiguration;
			buildSettings = {
				OTHER_LDFLAGS = "-ObjC";
				PRODUCT_NAME = "$(TARGET_NAME)";
				SKIP_INSTALL = YES;
			};
			name = Debug;
		};
		5C5F30CF1AF15E47005C2854 /* Release */ = {
			isa = XCBuildConfiguration;
			buildSettings = {
				OTHER_LDFLAGS = "-ObjC";
				PRODUCT_NAME = "$(TARGET_NAME)";
				SKIP_INSTALL = YES;
			};
			name = Release;
		};
		5C5F30D11AF15E47005C2854 /* Debug */ = {
			isa = XCBuildConfiguration;
			buildSettings = {
				"CODE_SIGN_IDENTITY[sdk=iphoneos*]" = "iPhone Developer";
				FRAMEWORK_SEARCH_PATHS = (
					"$(SDKROOT)/Developer/Library/Frameworks",
					"$(inherited)",
				);
				GCC_PREPROCESSOR_DEFINITIONS = (
					"DEBUG=1",
					"$(inherited)",
				);
				INFOPLIST_FILE = AtomicsTests/Info.plist;
				LD_RUNPATH_SEARCH_PATHS = "$(inherited) @executable_path/Frameworks @loader_path/Frameworks";
				PRODUCT_NAME = "$(TARGET_NAME)";
			};
			name = Debug;
		};
		5C5F30D21AF15E47005C2854 /* Release */ = {
			isa = XCBuildConfiguration;
			buildSettings = {
				"CODE_SIGN_IDENTITY[sdk=iphoneos*]" = "iPhone Developer";
				FRAMEWORK_SEARCH_PATHS = (
					"$(SDKROOT)/Developer/Library/Frameworks",
					"$(inherited)",
				);
				INFOPLIST_FILE = AtomicsTests/Info.plist;
				LD_RUNPATH_SEARCH_PATHS = "$(inherited) @executable_path/Frameworks @loader_path/Frameworks";
				PRODUCT_NAME = "$(TARGET_NAME)";
			};
			name = Release;
		};
/* End XCBuildConfiguration section */

/* Begin XCConfigurationList section */
		5C5F30B41AF15E47005C2854 /* Build configuration list for PBXProject "Atomics" */ = {
			isa = XCConfigurationList;
			buildConfigurations = (
				5C5F30CB1AF15E47005C2854 /* Debug */,
				5C5F30CC1AF15E47005C2854 /* Release */,
			);
			defaultConfigurationIsVisible = 0;
			defaultConfigurationName = Release;
		};
		5C5F30CD1AF15E47005C2854 /* Build configuration list for PBXNativeTarget "Atomics" */ = {
			isa = XCConfigurationList;
			buildConfigurations = (
				5C5F30CE1AF15E47005C2854 /* Debug */,
				5C5F30CF1AF15E47005C2854 /* Release */,
			);
			defaultConfigurationIsVisible = 0;
			defaultConfigurationName = Release;
		};
		5C5F30D01AF15E47005C2854 /* Build configuration list for PBXNativeTarget "AtomicsTests" */ = {
			isa = XCConfigurationList;
			buildConfigurations = (
				5C5F30D11AF15E47005C2854 /* Debug */,
				5C5F30D21AF15E47005C2854 /* Release */,
			);
			defaultConfigurationIsVisible = 0;
			defaultConfigurationName = Release;
		};
/* End XCConfigurationList section */
	};
	rootObject = 5C5F30B11AF15E47005C2854 /* Project object */;
}
